
Microsoft Visual Studio Solution File, Format Version 12.00
# Visual Studio Version 16
VisualStudioVersion = 16.0.30225.117
MinimumVisualStudioVersion = 10.0.40219.1
Project("{FAE04EC0-301F-11D3-BF4B-00C04F79EFBC}") = "WebApplication1", "WebApplication1\WebApplication1.csproj", "{0339EB6F-68C1-455C-9FD6-50ADC7B6CB1C}"
EndProject
Global
	GlobalSection(SolutionConfigurationPlatforms) = preSolution
		Debug|Any CPU = Debug|Any CPU
		Release|Any CPU = Release|Any CPU
	EndGlobalSection
	GlobalSection(ProjectConfigurationPlatforms) = postSolution
		{0339EB6F-68C1-455C-9FD6-50ADC7B6CB1C}.Debug|Any CPU.ActiveCfg = Debug|Any CPU
		{0339EB6F-68C1-455C-9FD6-50ADC7B6CB1C}.Debug|Any CPU.Build.0 = Debug|Any CPU
		{0339EB6F-68C1-455C-9FD6-50ADC7B6CB1C}.Release|Any CPU.ActiveCfg = Release|Any CPU
		{0339EB6F-68C1-455C-9FD6-50ADC7B6CB1C}.Release|Any CPU.Build.0 = Release|Any CPU
	EndGlobalSection
	GlobalSection(SolutionProperties) = preSolution
		HideSolutionNode = FALSE
	EndGlobalSection
	GlobalSection(ExtensibilityGlobals) = postSolution
		SolutionGuid = {7E24FC62-97F2-4BC5-BFFB-D937F2C253C1}
	EndGlobalSection
EndGlobal
